
Microsoft Visual Studio Solution File, Format Version 12.00
# Visual Studio Version 16
VisualStudioVersion = 16.0.30413.136
MinimumVisualStudioVersion = 10.0.40219.1
Project("{FAE04EC0-301F-11D3-BF4B-00C04F79EFBC}") = "PricingApp", "PricingApp.csproj", "{1295F6DC-74E1-4212-9918-439AB8D74BF8}"
EndProject
Global
	GlobalSection(SolutionConfigurationPlatforms) = preSolution
		Debug|Any CPU = Debug|Any CPU
		Release|Any CPU = Release|Any CPU
	EndGlobalSection
	GlobalSection(ProjectConfigurationPlatforms) = postSolution
		{1295F6DC-74E1-4212-9918-439AB8D74BF8}.Debug|Any CPU.ActiveCfg = Debug|Any CPU
		{1295F6DC-74E1-4212-9918-439AB8D74BF8}.Debug|Any CPU.Build.0 = Debug|Any CPU
		{1295F6DC-74E1-4212-9918-439AB8D74BF8}.Release|Any CPU.ActiveCfg = Release|Any CPU
		{1295F6DC-74E1-4212-9918-439AB8D74BF8}.Release|Any CPU.Build.0 = Release|Any CPU
	EndGlobalSection
	GlobalSection(SolutionProperties) = preSolution
		HideSolutionNode = FALSE
	EndGlobalSection
	GlobalSection(ExtensibilityGlobals) = postSolution
		SolutionGuid = {BA643DEB-39B6-442E-AFCE-121F6B579296}
	EndGlobalSection
EndGlobal
